
Microsoft Visual Studio Solution File, Format Version 12.00
# Visual Studio Version 16
VisualStudioVersion = 16.0.29102.190
MinimumVisualStudioVersion = 10.0.40219.1
Project("{FAE04EC0-301F-11D3-BF4B-00C04F79EFBC}") = "WFA_HataYonetimi", "WFA_HataYonetimi\WFA_HataYonetimi.csproj", "{7ACF6E0C-C6D5-40C0-8787-3548C85F21B6}"
EndProject
Global
	GlobalSection(SolutionConfigurationPlatforms) = preSolution
		Debug|Any CPU = Debug|Any CPU
		Release|Any CPU = Release|Any CPU
	EndGlobalSection
	GlobalSection(ProjectConfigurationPlatforms) = postSolution
		{7ACF6E0C-C6D5-40C0-8787-3548C85F21B6}.Debug|Any CPU.ActiveCfg = Debug|Any CPU
		{7ACF6E0C-C6D5-40C0-8787-3548C85F21B6}.Debug|Any CPU.Build.0 = Debug|Any CPU
		{7ACF6E0C-C6D5-40C0-8787-3548C85F21B6}.Release|Any CPU.ActiveCfg = Release|Any CPU
		{7ACF6E0C-C6D5-40C0-8787-3548C85F21B6}.Release|Any CPU.Build.0 = Release|Any CPU
	EndGlobalSection
	GlobalSection(SolutionProperties) = preSolution
		HideSolutionNode = FALSE
	EndGlobalSection
	GlobalSection(ExtensibilityGlobals) = postSolution
		SolutionGuid = {D937AA1F-7CA7-49D2-8A4D-0F439ADE5296}
	EndGlobalSection
EndGlobal
